
Microsoft Visual Studio Solution File, Format Version 12.00
# Visual Studio Version 16
VisualStudioVersion = 16.0.29519.87
MinimumVisualStudioVersion = 10.0.40219.1
Project("{FAE04EC0-301F-11D3-BF4B-00C04F79EFBC}") = "DealCardSasha", "DealCardSasha\DealCardSasha.csproj", "{679F6B55-0A5C-42EC-9BC0-EBB13A896907}"
EndProject
Global
	GlobalSection(SolutionConfigurationPlatforms) = preSolution
		Debug|Any CPU = Debug|Any CPU
		Release|Any CPU = Release|Any CPU
	EndGlobalSection
	GlobalSection(ProjectConfigurationPlatforms) = postSolution
		{679F6B55-0A5C-42EC-9BC0-EBB13A896907}.Debug|Any CPU.ActiveCfg = Debug|Any CPU
		{679F6B55-0A5C-42EC-9BC0-EBB13A896907}.Debug|Any CPU.Build.0 = Debug|Any CPU
		{679F6B55-0A5C-42EC-9BC0-EBB13A896907}.Release|Any CPU.ActiveCfg = Release|Any CPU
		{679F6B55-0A5C-42EC-9BC0-EBB13A896907}.Release|Any CPU.Build.0 = Release|Any CPU
	EndGlobalSection
	GlobalSection(SolutionProperties) = preSolution
		HideSolutionNode = FALSE
	EndGlobalSection
	GlobalSection(ExtensibilityGlobals) = postSolution
		SolutionGuid = {6AD40421-D786-4735-B8E7-995280E139FA}
	EndGlobalSection
EndGlobal
