
Microsoft Visual Studio Solution File, Format Version 12.00
# Visual Studio Version 16
VisualStudioVersion = 16.0.29519.87
MinimumVisualStudioVersion = 10.0.40219.1
Project("{FAE04EC0-301F-11D3-BF4B-00C04F79EFBC}") = "ListAverageSasha", "ListAverageSasha\ListAverageSasha.csproj", "{0787F064-33B3-471A-876F-DD3A6150A167}"
EndProject
Global
	GlobalSection(SolutionConfigurationPlatforms) = preSolution
		Debug|Any CPU = Debug|Any CPU
		Release|Any CPU = Release|Any CPU
	EndGlobalSection
	GlobalSection(ProjectConfigurationPlatforms) = postSolution
		{0787F064-33B3-471A-876F-DD3A6150A167}.Debug|Any CPU.ActiveCfg = Debug|Any CPU
		{0787F064-33B3-471A-876F-DD3A6150A167}.Debug|Any CPU.Build.0 = Debug|Any CPU
		{0787F064-33B3-471A-876F-DD3A6150A167}.Release|Any CPU.ActiveCfg = Release|Any CPU
		{0787F064-33B3-471A-876F-DD3A6150A167}.Release|Any CPU.Build.0 = Release|Any CPU
	EndGlobalSection
	GlobalSection(SolutionProperties) = preSolution
		HideSolutionNode = FALSE
	EndGlobalSection
	GlobalSection(ExtensibilityGlobals) = postSolution
		SolutionGuid = {837C973B-0EAD-4B9D-8579-16A95363E3EE}
	EndGlobalSection
EndGlobal
